
Microsoft Visual Studio Solution File, Format Version 12.00
# Visual Studio Version 17
VisualStudioVersion = 17.0.31903.59
MinimumVisualStudioVersion = 10.0.40219.1
Project("{2150E333-8FDC-42A3-9474-1A3956D46DE8}") = "src", "src", "{A4A435F7-97F4-46D5-82FB-2DFDF102AD3F}"
EndProject
Project("{FAE04EC0-301F-11D3-BF4B-00C04F79EFBC}") = "TidyFile", "src\TidyFile\TidyFile.csproj", "{C553E412-AF95-4827-9F9F-8F33124B340F}"
EndProject
Project("{2150E333-8FDC-42A3-9474-1A3956D46DE8}") = "tests", "tests", "{DFC152AA-668F-4E4B-BAA3-85007C1FE41E}"
EndProject
Project("{FAE04EC0-301F-11D3-BF4B-00C04F79EFBC}") = "TidyFile.Tests", "tests\TidyFile.Tests\TidyFile.Tests.csproj", "{529EBAAA-1CE4-4709-8113-CF8294A43859}"
EndProject
Global
	GlobalSection(SolutionConfigurationPlatforms) = preSolution
		Debug|Any CPU = Debug|Any CPU
		Release|Any CPU = Release|Any CPU
	EndGlobalSection
	GlobalSection(SolutionProperties) = preSolution
		HideSolutionNode = FALSE
	EndGlobalSection
	GlobalSection(ProjectConfigurationPlatforms) = postSolution
		{C553E412-AF95-4827-9F9F-8F33124B340F}.Debug|Any CPU.ActiveCfg = Debug|Any CPU
		{C553E412-AF95-4827-9F9F-8F33124B340F}.Debug|Any CPU.Build.0 = Debug|Any CPU
		{C553E412-AF95-4827-9F9F-8F33124B340F}.Release|Any CPU.ActiveCfg = Release|Any CPU
		{C553E412-AF95-4827-9F9F-8F33124B340F}.Release|Any CPU.Build.0 = Release|Any CPU
		{529EBAAA-1CE4-4709-8113-CF8294A43859}.Debug|Any CPU.ActiveCfg = Debug|Any CPU
		{529EBAAA-1CE4-4709-8113-CF8294A43859}.Debug|Any CPU.Build.0 = Debug|Any CPU
		{529EBAAA-1CE4-4709-8113-CF8294A43859}.Release|Any CPU.ActiveCfg = Release|Any CPU
		{529EBAAA-1CE4-4709-8113-CF8294A43859}.Release|Any CPU.Build.0 = Release|Any CPU
	EndGlobalSection
	GlobalSection(NestedProjects) = preSolution
		{C553E412-AF95-4827-9F9F-8F33124B340F} = {A4A435F7-97F4-46D5-82FB-2DFDF102AD3F}
		{529EBAAA-1CE4-4709-8113-CF8294A43859} = {DFC152AA-668F-4E4B-BAA3-85007C1FE41E}
	EndGlobalSection
EndGlobal
